
Microsoft Visual Studio Solution File, Format Version 12.00
# Visual Studio Version 17
VisualStudioVersion = 17.11.35312.102
MinimumVisualStudioVersion = 10.0.40219.1
Project("{9A19103F-16F7-4668-BE54-9A1E7A4F7556}") = "BethanysPieShop", "BethanysPieShop\BethanysPieShop.csproj", "{1625E56A-2E22-4723-BE5E-1B33FA5F1F19}"
EndProject
Project("{9A19103F-16F7-4668-BE54-9A1E7A4F7556}") = "BethanysPieShopTests", "BethanysPieShopTests\BethanysPieShopTests.csproj", "{B24B7992-0AC1-4A96-AC1C-FE10AF761A1C}"
EndProject
Global
	GlobalSection(SolutionConfigurationPlatforms) = preSolution
		Debug|Any CPU = Debug|Any CPU
		Release|Any CPU = Release|Any CPU
	EndGlobalSection
	GlobalSection(ProjectConfigurationPlatforms) = postSolution
		{1625E56A-2E22-4723-BE5E-1B33FA5F1F19}.Debug|Any CPU.ActiveCfg = Debug|Any CPU
		{1625E56A-2E22-4723-BE5E-1B33FA5F1F19}.Debug|Any CPU.Build.0 = Debug|Any CPU
		{1625E56A-2E22-4723-BE5E-1B33FA5F1F19}.Release|Any CPU.ActiveCfg = Release|Any CPU
		{1625E56A-2E22-4723-BE5E-1B33FA5F1F19}.Release|Any CPU.Build.0 = Release|Any CPU
		{B24B7992-0AC1-4A96-AC1C-FE10AF761A1C}.Debug|Any CPU.ActiveCfg = Debug|Any CPU
		{B24B7992-0AC1-4A96-AC1C-FE10AF761A1C}.Debug|Any CPU.Build.0 = Debug|Any CPU
		{B24B7992-0AC1-4A96-AC1C-FE10AF761A1C}.Release|Any CPU.ActiveCfg = Release|Any CPU
		{B24B7992-0AC1-4A96-AC1C-FE10AF761A1C}.Release|Any CPU.Build.0 = Release|Any CPU
	EndGlobalSection
	GlobalSection(SolutionProperties) = preSolution
		HideSolutionNode = FALSE
	EndGlobalSection
	GlobalSection(ExtensibilityGlobals) = postSolution
		SolutionGuid = {612C364F-03C3-4FB6-95E1-8D27930CDE74}
	EndGlobalSection
EndGlobal
